
Microsoft Visual Studio Solution File, Format Version 12.00
# Visual Studio 14
VisualStudioVersion = 14.0.24720.0
MinimumVisualStudioVersion = 10.0.40219.1
Project("{FAE04EC0-301F-11D3-BF4B-00C04F79EFBC}") = "Projeto.Web.Tests", "Projeto.Web.Tests\Projeto.Web.Tests.csproj", "{E53ADDBC-F21C-4399-A74C-276EF8EA1EC1}"
EndProject
Project("{2150E333-8FDC-42A3-9474-1A3956D46DE8}") = "BDD - Behavior Driven Development", "BDD - Behavior Driven Development", "{C4DCBB58-7268-49B4-B7A1-D06DF97F438F}"
EndProject
Global
	GlobalSection(SolutionConfigurationPlatforms) = preSolution
		Debug|Any CPU = Debug|Any CPU
		Release|Any CPU = Release|Any CPU
	EndGlobalSection
	GlobalSection(ProjectConfigurationPlatforms) = postSolution
		{E53ADDBC-F21C-4399-A74C-276EF8EA1EC1}.Debug|Any CPU.ActiveCfg = Debug|Any CPU
		{E53ADDBC-F21C-4399-A74C-276EF8EA1EC1}.Debug|Any CPU.Build.0 = Debug|Any CPU
		{E53ADDBC-F21C-4399-A74C-276EF8EA1EC1}.Release|Any CPU.ActiveCfg = Release|Any CPU
		{E53ADDBC-F21C-4399-A74C-276EF8EA1EC1}.Release|Any CPU.Build.0 = Release|Any CPU
	EndGlobalSection
	GlobalSection(SolutionProperties) = preSolution
		HideSolutionNode = FALSE
	EndGlobalSection
	GlobalSection(NestedProjects) = preSolution
		{E53ADDBC-F21C-4399-A74C-276EF8EA1EC1} = {C4DCBB58-7268-49B4-B7A1-D06DF97F438F}
	EndGlobalSection
EndGlobal
